// !$*UTF8*$!
{
	archiveVersion = 1;
	classes = {
	};
	objectVersion = 50;
	objects = {

/* Begin PBXBuildFile section */
		3763612424229D0100AC83D9 /* AppDelegate.swift in Sources */ = {isa = PBXBuildFile; fileRef = 3763612324229D0100AC83D9 /* AppDelegate.swift */; };
		3763612624229D0100AC83D9 /* SceneDelegate.swift in Sources */ = {isa = PBXBuildFile; fileRef = 3763612524229D0100AC83D9 /* SceneDelegate.swift */; };
		3763612824229D0100AC83D9 /* ViewController.swift in Sources */ = {isa = PBXBuildFile; fileRef = 3763612724229D0100AC83D9 /* ViewController.swift */; };
		3763612B24229D0100AC83D9 /* Main.storyboard in Resources */ = {isa = PBXBuildFile; fileRef = 3763612924229D0100AC83D9 /* Main.storyboard */; };
		3763612E24229D0100AC83D9 /* Homepwner.xcdatamodeld in Sources */ = {isa = PBXBuildFile; fileRef = 3763612C24229D0100AC83D9 /* Homepwner.xcdatamodeld */; };
		3763613024229D0200AC83D9 /* Assets.xcassets in Resources */ = {isa = PBXBuildFile; fileRef = 3763612F24229D0200AC83D9 /* Assets.xcassets */; };
		3763613324229D0200AC83D9 /* LaunchScreen.storyboard in Resources */ = {isa = PBXBuildFile; fileRef = 3763613124229D0200AC83D9 /* LaunchScreen.storyboard */; };
		3763613E24229D0200AC83D9 /* HomepwnerTests.swift in Sources */ = {isa = PBXBuildFile; fileRef = 3763613D24229D0200AC83D9 /* HomepwnerTests.swift */; };
		3763614924229D0200AC83D9 /* HomepwnerUITests.swift in Sources */ = {isa = PBXBuildFile; fileRef = 3763614824229D0200AC83D9 /* HomepwnerUITests.swift */; };
/* End PBXBuildFile section */

/* Begin PBXContainerItemProxy section */
		3763613A24229D0200AC83D9 /* PBXContainerItemProxy */ = {
			isa = PBXContainerItemProxy;
			containerPortal = 3763611824229D0000AC83D9 /* Project object */;
			proxyType = 1;
			remoteGlobalIDString = 3763611F24229D0000AC83D9;
			remoteInfo = Homepwner;
		};
		3763614524229D0200AC83D9 /* PBXContainerItemProxy */ = {
			isa = PBXContainerItemProxy;
			containerPortal = 3763611824229D0000AC83D9 /* Project object */;
			proxyType = 1;
			remoteGlobalIDString = 3763611F24229D0000AC83D9;
			remoteInfo = Homepwner;
		};
/* End PBXContainerItemProxy section */

/* Begin PBXFileReference section */
		3763612024229D0100AC83D9 /* Homepwner.app */ = {isa = PBXFileReference; explicitFileType = wrapper.application; includeInIndex = 0; path = Homepwner.app; sourceTree = BUILT_PRODUCTS_DIR; };
		3763612324229D0100AC83D9 /* AppDelegate.swift */ = {isa = PBXFileReference; lastKnownFileType = sourcecode.swift; path = AppDelegate.swift; sourceTree = "<group>"; };
		3763612524229D0100AC83D9 /* SceneDelegate.swift */ = {isa = PBXFileReference; lastKnownFileType = sourcecode.swift; path = SceneDelegate.swift; sourceTree = "<group>"; };
		3763612724229D0100AC83D9 /* ViewController.swift */ = {isa = PBXFileReference; lastKnownFileType = sourcecode.swift; path = ViewController.swift; sourceTree = "<group>"; };
		3763612A24229D0100AC83D9 /* Base */ = {isa = PBXFileReference; lastKnownFileType = file.storyboard; name = Base; path = Base.lproj/Main.storyboard; sourceTree = "<group>"; };
		3763612D24229D0100AC83D9 /* Homepwner.xcdatamodel */ = {isa = PBXFileReference; lastKnownFileType = wrapper.xcdatamodel; path = Homepwner.xcdatamodel; sourceTree = "<group>"; };
		3763612F24229D0200AC83D9 /* Assets.xcassets */ = {isa = PBXFileReference; lastKnownFileType = folder.assetcatalog; path = Assets.xcassets; sourceTree = "<group>"; };
		3763613224229D0200AC83D9 /* Base */ = {isa = PBXFileReference; lastKnownFileType = file.storyboard; name = Base; path = Base.lproj/LaunchScreen.storyboard; sourceTree = "<group>"; };
		3763613424229D0200AC83D9 /* Info.plist */ = {isa = PBXFileReference; lastKnownFileType = text.plist.xml; path = Info.plist; sourceTree = "<group>"; };
		3763613924229D0200AC83D9 /* HomepwnerTests.xctest */ = {isa = PBXFileReference; explicitFileType = wrapper.cfbundle; includeInIndex = 0; path = HomepwnerTests.xctest; sourceTree = BUILT_PRODUCTS_DIR; };
		3763613D24229D0200AC83D9 /* HomepwnerTests.swift */ = {isa = PBXFileReference; lastKnownFileType = sourcecode.swift; path = HomepwnerTests.swift; sourceTree = "<group>"; };
		3763613F24229D0200AC83D9 /* Info.plist */ = {isa = PBXFileReference; lastKnownFileType = text.plist.xml; path = Info.plist; sourceTree = "<group>"; };
		3763614424229D0200AC83D9 /* HomepwnerUITests.xctest */ = {isa = PBXFileReference; explicitFileType = wrapper.cfbundle; includeInIndex = 0; path = HomepwnerUITests.xctest; sourceTree = BUILT_PRODUCTS_DIR; };
		3763614824229D0200AC83D9 /* HomepwnerUITests.swift */ = {isa = PBXFileReference; lastKnownFileType = sourcecode.swift; path = HomepwnerUITests.swift; sourceTree = "<group>"; };
		3763614A24229D0200AC83D9 /* Info.plist */ = {isa = PBXFileReference; lastKnownFileType = text.plist.xml; path = Info.plist; sourceTree = "<group>"; };
/* End PBXFileReference section */

/* Begin PBXFrameworksBuildPhase section */
		3763611D24229D0000AC83D9 /* Frameworks */ = {
			isa = PBXFrameworksBuildPhase;
			buildActionMask = 2147483647;
			files = (
			);
			runOnlyForDeploymentPostprocessing = 0;
		};
		3763613624229D0200AC83D9 /* Frameworks */ = {
			isa = PBXFrameworksBuildPhase;
			buildActionMask = 2147483647;
			files = (
			);
			runOnlyForDeploymentPostprocessing = 0;
		};
		3763614124229D0200AC83D9 /* Frameworks */ = {
			isa = PBXFrameworksBuildPhase;
			buildActionMask = 2147483647;
			files = (
			);
			runOnlyForDeploymentPostprocessing = 0;
		};
/* End PBXFrameworksBuildPhase section */

/* Begin PBXGroup section */
		3763611724229D0000AC83D9 = {
			isa = PBXGroup;
			children = (
				3763612224229D0100AC83D9 /* Homepwner */,
				3763613C24229D0200AC83D9 /* HomepwnerTests */,
				3763614724229D0200AC83D9 /* HomepwnerUITests */,
				3763612124229D0100AC83D9 /* Products */,
			);
			sourceTree = "<group>";
		};
		3763612124229D0100AC83D9 /* Products */ = {
			isa = PBXGroup;
			children = (
				3763612024229D0100AC83D9 /* Homepwner.app */,
				3763613924229D0200AC83D9 /* HomepwnerTests.xctest */,
				3763614424229D0200AC83D9 /* HomepwnerUITests.xctest */,
			);
			name = Products;
			sourceTree = "<group>";
		};
		3763612224229D0100AC83D9 /* Homepwner */ = {
			isa = PBXGroup;
			children = (
				3763612324229D0100AC83D9 /* AppDelegate.swift */,
				3763612524229D0100AC83D9 /* SceneDelegate.swift */,
				3763612724229D0100AC83D9 /* ViewController.swift */,
				3763612924229D0100AC83D9 /* Main.storyboard */,
				3763612F24229D0200AC83D9 /* Assets.xcassets */,
				3763613124229D0200AC83D9 /* LaunchScreen.storyboard */,
				3763613424229D0200AC83D9 /* Info.plist */,
				3763612C24229D0100AC83D9 /* Homepwner.xcdatamodeld */,
			);
			path = Homepwner;
			sourceTree = "<group>";
		};
		3763613C24229D0200AC83D9 /* HomepwnerTests */ = {
			isa = PBXGroup;
			children = (
				3763613D24229D0200AC83D9 /* HomepwnerTests.swift */,
				3763613F24229D0200AC83D9 /* Info.plist */,
			);
			path = HomepwnerTests;
			sourceTree = "<group>";
		};
		3763614724229D0200AC83D9 /* HomepwnerUITests */ = {
			isa = PBXGroup;
			children = (
				3763614824229D0200AC83D9 /* HomepwnerUITests.swift */,
				3763614A24229D0200AC83D9 /* Info.plist */,
			);
			path = HomepwnerUITests;
			sourceTree = "<group>";
		};
/* End PBXGroup section */

/* Begin PBXNativeTarget section */
		3763611F24229D0000AC83D9 /* Homepwner */ = {
			isa = PBXNativeTarget;
			buildConfigurationList = 3763614D24229D0200AC83D9 /* Build configuration list for PBXNativeTarget "Homepwner" */;
			buildPhases = (
				3763611C24229D0000AC83D9 /* Sources */,
				3763611D24229D0000AC83D9 /* Frameworks */,
				3763611E24229D0000AC83D9 /* Resources */,
			);
			buildRules = (
			);
			dependencies = (
			);
			name = Homepwner;
			productName = Homepwner;
			productReference = 3763612024229D0100AC83D9 /* Homepwner.app */;
			productType = "com.apple.product-type.application";
		};
		3763613824229D0200AC83D9 /* HomepwnerTests */ = {
			isa = PBXNativeTarget;
			buildConfigurationList = 3763615024229D0200AC83D9 /* Build configuration list for PBXNativeTarget "HomepwnerTests" */;
			buildPhases = (
				3763613524229D0200AC83D9 /* Sources */,
				3763613624229D0200AC83D9 /* Frameworks */,
				3763613724229D0200AC83D9 /* Resources */,
			);
			buildRules = (
			);
			dependencies = (
				3763613B24229D0200AC83D9 /* PBXTargetDependency */,
			);
			name = HomepwnerTests;
			productName = HomepwnerTests;
			productReference = 3763613924229D0200AC83D9 /* HomepwnerTests.xctest */;
			productType = "com.apple.product-type.bundle.unit-test";
		};
		3763614324229D0200AC83D9 /* HomepwnerUITests */ = {
			isa = PBXNativeTarget;
			buildConfigurationList = 3763615324229D0200AC83D9 /* Build configuration list for PBXNativeTarget "HomepwnerUITests" */;
			buildPhases = (
				3763614024229D0200AC83D9 /* Sources */,
				3763614124229D0200AC83D9 /* Frameworks */,
				3763614224229D0200AC83D9 /* Resources */,
			);
			buildRules = (
			);
			dependencies = (
				3763614624229D0200AC83D9 /* PBXTargetDependency */,
			);
			name = HomepwnerUITests;
			productName = HomepwnerUITests;
			productReference = 3763614424229D0200AC83D9 /* HomepwnerUITests.xctest */;
			productType = "com.apple.product-type.bundle.ui-testing";
		};
/* End PBXNativeTarget section */

/* Begin PBXProject section */
		3763611824229D0000AC83D9 /* Project object */ = {
			isa = PBXProject;
			attributes = {
				LastSwiftUpdateCheck = 1130;
				LastUpgradeCheck = 1130;
				ORGANIZATIONNAME = "Matthew Blewett";
				TargetAttributes = {
					3763611F24229D0000AC83D9 = {
						CreatedOnToolsVersion = 11.3.1;
					};
					3763613824229D0200AC83D9 = {
						CreatedOnToolsVersion = 11.3.1;
						TestTargetID = 3763611F24229D0000AC83D9;
					};
					3763614324229D0200AC83D9 = {
						CreatedOnToolsVersion = 11.3.1;
						TestTargetID = 3763611F24229D0000AC83D9;
					};
				};
			};
			buildConfigurationList = 3763611B24229D0000AC83D9 /* Build configuration list for PBXProject "Homepwner" */;
			compatibilityVersion = "Xcode 9.3";
			developmentRegion = en;
			hasScannedForEncodings = 0;
			knownRegions = (
				en,
				Base,
			);
			mainGroup = 3763611724229D0000AC83D9;
			productRefGroup = 3763612124229D0100AC83D9 /* Products */;
			projectDirPath = "";
			projectRoot = "";
			targets = (
				3763611F24229D0000AC83D9 /* Homepwner */,
				3763613824229D0200AC83D9 /* HomepwnerTests */,
				3763614324229D0200AC83D9 /* HomepwnerUITests */,
			);
		};
/* End PBXProject section */

/* Begin PBXResourcesBuildPhase section */
		3763611E24229D0000AC83D9 /* Resources */ = {
			isa = PBXResourcesBuildPhase;
			buildActionMask = 2147483647;
			files = (
				3763613324229D0200AC83D9 /* LaunchScreen.storyboard in Resources */,
				3763613024229D0200AC83D9 /* Assets.xcassets in Resources */,
				3763612B24229D0100AC83D9 /* Main.storyboard in Resources */,
			);
			runOnlyForDeploymentPostprocessing = 0;
		};
		3763613724229D0200AC83D9 /* Resources */ = {
			isa = PBXResourcesBuildPhase;
			buildActionMask = 2147483647;
			files = (
			);
			runOnlyForDeploymentPostprocessing = 0;
		};
		3763614224229D0200AC83D9 /* Resources */ = {
			isa = PBXResourcesBuildPhase;
			buildActionMask = 2147483647;
			files = (
			);
			runOnlyForDeploymentPostprocessing = 0;
		};
/* End PBXResourcesBuildPhase section */

/* Begin PBXSourcesBuildPhase section */
		3763611C24229D0000AC83D9 /* Sources */ = {
			isa = PBXSourcesBuildPhase;
			buildActionMask = 2147483647;
			files = (
				3763612824229D0100AC83D9 /* ViewController.swift in Sources */,
				3763612424229D0100AC83D9 /* AppDelegate.swift in Sources */,
				3763612624229D0100AC83D9 /* SceneDelegate.swift in Sources */,
				3763612E24229D0100AC83D9 /* Homepwner.xcdatamodeld in Sources */,
			);
			runOnlyForDeploymentPostprocessing = 0;
		};
		3763613524229D0200AC83D9 /* Sources */ = {
			isa = PBXSourcesBuildPhase;
			buildActionMask = 2147483647;
			files = (
				3763613E24229D0200AC83D9 /* HomepwnerTests.swift in Sources */,
			);
			runOnlyForDeploymentPostprocessing = 0;
		};
		3763614024229D0200AC83D9 /* Sources */ = {
			isa = PBXSourcesBuildPhase;
			buildActionMask = 2147483647;
			files = (
				3763614924229D0200AC83D9 /* HomepwnerUITests.swift in Sources */,
			);
			runOnlyForDeploymentPostprocessing = 0;
		};
/* End PBXSourcesBuildPhase section */

/* Begin PBXTargetDependency section */
		3763613B24229D0200AC83D9 /* PBXTargetDependency */ = {
			isa = PBXTargetDependency;
			target = 3763611F24229D0000AC83D9 /* Homepwner */;
			targetProxy = 3763613A24229D0200AC83D9 /* PBXContainerItemProxy */;
		};
		3763614624229D0200AC83D9 /* PBXTargetDependency */ = {
			isa = PBXTargetDependency;
			target = 3763611F24229D0000AC83D9 /* Homepwner */;
			targetProxy = 3763614524229D0200AC83D9 /* PBXContainerItemProxy */;
		};
/* End PBXTargetDependency section */

/* Begin PBXVariantGroup section */
		3763612924229D0100AC83D9 /* Main.storyboard */ = {
			isa = PBXVariantGroup;
			children = (
				3763612A24229D0100AC83D9 /* Base */,
			);
			name = Main.storyboard;
			sourceTree = "<group>";
		};
		3763613124229D0200AC83D9 /* LaunchScreen.storyboard */ = {
			isa = PBXVariantGroup;
			children = (
				3763613224229D0200AC83D9 /* Base */,
			);
			name = LaunchScreen.storyboard;
			sourceTree = "<group>";
		};
/* End PBXVariantGroup section */

/* Begin XCBuildConfiguration section */
		3763614B24229D0200AC83D9 /* Debug */ = {
			isa = XCBuildConfiguration;
			buildSettings = {
				ALWAYS_SEARCH_USER_PATHS = NO;
				CLANG_ANALYZER_NONNULL = YES;
				CLANG_ANALYZER_NUMBER_OBJECT_CONVERSION = YES_AGGRESSIVE;
				CLANG_CXX_LANGUAGE_STANDARD = "gnu++14";
				CLANG_CXX_LIBRARY = "libc++";
				CLANG_ENABLE_MODULES = YES;
				CLANG_ENABLE_OBJC_ARC = YES;
				CLANG_ENABLE_OBJC_WEAK = YES;
				CLANG_WARN_BLOCK_CAPTURE_AUTORELEASING = YES;
				CLANG_WARN_BOOL_CONVERSION = YES;
				CLANG_WARN_COMMA = YES;
				CLANG_WARN_CONSTANT_CONVERSION = YES;
				CLANG_WARN_DEPRECATED_OBJC_IMPLEMENTATIONS = YES;
				CLANG_WARN_DIRECT_OBJC_ISA_USAGE = YES_ERROR;
				CLANG_WARN_DOCUMENTATION_COMMENTS = YES;
				CLANG_WARN_EMPTY_BODY = YES;
				CLANG_WARN_ENUM_CONVERSION = YES;
				CLANG_WARN_INFINITE_RECURSION = YES;
				CLANG_WARN_INT_CONVERSION = YES;
				CLANG_WARN_NON_LITERAL_NULL_CONVERSION = YES;
				CLANG_WARN_OBJC_IMPLICIT_RETAIN_SELF = YES;
				CLANG_WARN_OBJC_LITERAL_CONVERSION = YES;
				CLANG_WARN_OBJC_ROOT_CLASS = YES_ERROR;
				CLANG_WARN_RANGE_LOOP_ANALYSIS = YES;
				CLANG_WARN_STRICT_PROTOTYPES = YES;
				CLANG_WARN_SUSPICIOUS_MOVE = YES;
				CLANG_WARN_UNGUARDED_AVAILABILITY = YES_AGGRESSIVE;
				CLANG_WARN_UNREACHABLE_CODE = YES;
				CLANG_WARN__DUPLICATE_METHOD_MATCH = YES;
				COPY_PHASE_STRIP = NO;
				DEBUG_INFORMATION_FORMAT = dwarf;
				ENABLE_STRICT_OBJC_MSGSEND = YES;
				ENABLE_TESTABILITY = YES;
				GCC_C_LANGUAGE_STANDARD = gnu11;
				GCC_DYNAMIC_NO_PIC = NO;
				GCC_NO_COMMON_BLOCKS = YES;
				GCC_OPTIMIZATION_LEVEL = 0;
				GCC_PREPROCESSOR_DEFINITIONS = (
					"DEBUG=1",
					"$(inherited)",
				);
				GCC_WARN_64_TO_32_BIT_CONVERSION = YES;
				GCC_WARN_ABOUT_RETURN_TYPE = YES_ERROR;
				GCC_WARN_UNDECLARED_SELECTOR = YES;
				GCC_WARN_UNINITIALIZED_AUTOS = YES_AGGRESSIVE;
				GCC_WARN_UNUSED_FUNCTION = YES;
				GCC_WARN_UNUSED_VARIABLE = YES;
				IPHONEOS_DEPLOYMENT_TARGET = 13.2;
				MTL_ENABLE_DEBUG_INFO = INCLUDE_SOURCE;
				MTL_FAST_MATH = YES;
				ONLY_ACTIVE_ARCH = YES;
				SDKROOT = iphoneos;
				SWIFT_ACTIVE_COMPILATION_CONDITIONS = DEBUG;
				SWIFT_OPTIMIZATION_LEVEL = "-Onone";
			};
			name = Debug;
		};
		3763614C24229D0200AC83D9 /* Release */ = {
			isa = XCBuildConfiguration;
			buildSettings = {
				ALWAYS_SEARCH_USER_PATHS = NO;
				CLANG_ANALYZER_NONNULL = YES;
				CLANG_ANALYZER_NUMBER_OBJECT_CONVERSION = YES_AGGRESSIVE;
				CLANG_CXX_LANGUAGE_STANDARD = "gnu++14";
				CLANG_CXX_LIBRARY = "libc++";
				CLANG_ENABLE_MODULES = YES;
				CLANG_ENABLE_OBJC_ARC = YES;
				CLANG_ENABLE_OBJC_WEAK = YES;
				CLANG_WARN_BLOCK_CAPTURE_AUTORELEASING = YES;
				CLANG_WARN_BOOL_CONVERSION = YES;
				CLANG_WARN_COMMA = YES;
				CLANG_WARN_CONSTANT_CONVERSION = YES;
				CLANG_WARN_DEPRECATED_OBJC_IMPLEMENTATIONS = YES;
				CLANG_WARN_DIRECT_OBJC_ISA_USAGE = YES_ERROR;
				CLANG_WARN_DOCUMENTATION_COMMENTS = YES;
				CLANG_WARN_EMPTY_BODY = YES;
				CLANG_WARN_ENUM_CONVERSION = YES;
				CLANG_WARN_INFINITE_RECURSION = YES;
				CLANG_WARN_INT_CONVERSION = YES;
				CLANG_WARN_NON_LITERAL_NULL_CONVERSION = YES;
				CLANG_WARN_OBJC_IMPLICIT_RETAIN_SELF = YES;
				CLANG_WARN_OBJC_LITERAL_CONVERSION = YES;
				CLANG_WARN_OBJC_ROOT_CLASS = YES_ERROR;
				CLANG_WARN_RANGE_LOOP_ANALYSIS = YES;
				CLANG_WARN_STRICT_PROTOTYPES = YES;
				CLANG_WARN_SUSPICIOUS_MOVE = YES;
				CLANG_WARN_UNGUARDED_AVAILABILITY = YES_AGGRESSIVE;
				CLANG_WARN_UNREACHABLE_CODE = YES;
				CLANG_WARN__DUPLICATE_METHOD_MATCH = YES;
				COPY_PHASE_STRIP = NO;
				DEBUG_INFORMATION_FORMAT = "dwarf-with-dsym";
				ENABLE_NS_ASSERTIONS = NO;
				ENABLE_STRICT_OBJC_MSGSEND = YES;
				GCC_C_LANGUAGE_STANDARD = gnu11;
				GCC_NO_COMMON_BLOCKS = YES;
				GCC_WARN_64_TO_32_BIT_CONVERSION = YES;
				GCC_WARN_ABOUT_RETURN_TYPE = YES_ERROR;
				GCC_WARN_UNDECLARED_SELECTOR = YES;
				GCC_WARN_UNINITIALIZED_AUTOS = YES_AGGRESSIVE;
				GCC_WARN_UNUSED_FUNCTION = YES;
				GCC_WARN_UNUSED_VARIABLE = YES;
				IPHONEOS_DEPLOYMENT_TARGET = 13.2;
				MTL_ENABLE_DEBUG_INFO = NO;
				MTL_FAST_MATH = YES;
				SDKROOT = iphoneos;
				SWIFT_COMPILATION_MODE = wholemodule;
				SWIFT_OPTIMIZATION_LEVEL = "-O";
				VALIDATE_PRODUCT = YES;
			};
			name = Release;
		};
		3763614E24229D0200AC83D9 /* Debug */ = {
			isa = XCBuildConfiguration;
			buildSettings = {
				ASSETCATALOG_COMPILER_APPICON_NAME = AppIcon;
				CODE_SIGN_STYLE = Automatic;
				INFOPLIST_FILE = Homepwner/Info.plist;
				LD_RUNPATH_SEARCH_PATHS = (
					"$(inherited)",
					"@executable_path/Frameworks",
				);
				PRODUCT_BUNDLE_IDENTIFIER = test.Homepwner;
				PRODUCT_NAME = "$(TARGET_NAME)";
				SWIFT_VERSION = 5.0;
				TARGETED_DEVICE_FAMILY = "1,2";
			};
			name = Debug;
		};
		3763614F24229D0200AC83D9 /* Release */ = {
			isa = XCBuildConfiguration;
			buildSettings = {
				ASSETCATALOG_COMPILER_APPICON_NAME = AppIcon;
				CODE_SIGN_STYLE = Automatic;
				INFOPLIST_FILE = Homepwner/Info.plist;
				LD_RUNPATH_SEARCH_PATHS = (
					"$(inherited)",
					"@executable_path/Frameworks",
				);
				PRODUCT_BUNDLE_IDENTIFIER = test.Homepwner;
				PRODUCT_NAME = "$(TARGET_NAME)";
				SWIFT_VERSION = 5.0;
				TARGETED_DEVICE_FAMILY = "1,2";
			};
			name = Release;
		};
		3763615124229D0200AC83D9 /* Debug */ = {
			isa = XCBuildConfiguration;
			buildSettings = {
				ALWAYS_EMBED_SWIFT_STANDARD_LIBRARIES = YES;
				BUNDLE_LOADER = "$(TEST_HOST)";
				CODE_SIGN_STYLE = Automatic;
				INFOPLIST_FILE = HomepwnerTests/Info.plist;
				IPHONEOS_DEPLOYMENT_TARGET = 13.2;
				LD_RUNPATH_SEARCH_PATHS = (
					"$(inherited)",
					"@executable_path/Frameworks",
					"@loader_path/Frameworks",
				);
				PRODUCT_BUNDLE_IDENTIFIER = test.HomepwnerTests;
				PRODUCT_NAME = "$(TARGET_NAME)";
				SWIFT_VERSION = 5.0;
				TARGETED_DEVICE_FAMILY = "1,2";
				TEST_HOST = "$(BUILT_PRODUCTS_DIR)/Homepwner.app/Homepwner";
			};
			name = Debug;
		};
		3763615224229D0200AC83D9 /* Release */ = {
			isa = XCBuildConfiguration;
			buildSettings = {
				ALWAYS_EMBED_SWIFT_STANDARD_LIBRARIES = YES;
				BUNDLE_LOADER = "$(TEST_HOST)";
				CODE_SIGN_STYLE = Automatic;
				INFOPLIST_FILE = HomepwnerTests/Info.plist;
				IPHONEOS_DEPLOYMENT_TARGET = 13.2;
				LD_RUNPATH_SEARCH_PATHS = (
					"$(inherited)",
					"@executable_path/Frameworks",
					"@loader_path/Frameworks",
				);
				PRODUCT_BUNDLE_IDENTIFIER = test.HomepwnerTests;
				PRODUCT_NAME = "$(TARGET_NAME)";
				SWIFT_VERSION = 5.0;
				TARGETED_DEVICE_FAMILY = "1,2";
				TEST_HOST = "$(BUILT_PRODUCTS_DIR)/Homepwner.app/Homepwner";
			};
			name = Release;
		};
		3763615424229D0200AC83D9 /* Debug */ = {
			isa = XCBuildConfiguration;
			buildSettings = {
				ALWAYS_EMBED_SWIFT_STANDARD_LIBRARIES = YES;
				CODE_SIGN_STYLE = Automatic;
				INFOPLIST_FILE = HomepwnerUITests/Info.plist;
				LD_RUNPATH_SEARCH_PATHS = (
					"$(inherited)",
					"@executable_path/Frameworks",
					"@loader_path/Frameworks",
				);
				PRODUCT_BUNDLE_IDENTIFIER = test.HomepwnerUITests;
				PRODUCT_NAME = "$(TARGET_NAME)";
				SWIFT_VERSION = 5.0;
				TARGETED_DEVICE_FAMILY = "1,2";
				TEST_TARGET_NAME = Homepwner;
			};
			name = Debug;
		};
		3763615524229D0200AC83D9 /* Release */ = {
			isa = XCBuildConfiguration;
			buildSettings = {
				ALWAYS_EMBED_SWIFT_STANDARD_LIBRARIES = YES;
				CODE_SIGN_STYLE = Automatic;
				INFOPLIST_FILE = HomepwnerUITests/Info.plist;
				LD_RUNPATH_SEARCH_PATHS = (
					"$(inherited)",
					"@executable_path/Frameworks",
					"@loader_path/Frameworks",
				);
				PRODUCT_BUNDLE_IDENTIFIER = test.HomepwnerUITests;
				PRODUCT_NAME = "$(TARGET_NAME)";
				SWIFT_VERSION = 5.0;
				TARGETED_DEVICE_FAMILY = "1,2";
				TEST_TARGET_NAME = Homepwner;
			};
			name = Release;
		};
/* End XCBuildConfiguration section */

/* Begin XCConfigurationList section */
		3763611B24229D0000AC83D9 /* Build configuration list for PBXProject "Homepwner" */ = {
			isa = XCConfigurationList;
			buildConfigurations = (
				3763614B24229D0200AC83D9 /* Debug */,
				3763614C24229D0200AC83D9 /* Release */,
			);
			defaultConfigurationIsVisible = 0;
			defaultConfigurationName = Release;
		};
		3763614D24229D0200AC83D9 /* Build configuration list for PBXNativeTarget "Homepwner" */ = {
			isa = XCConfigurationList;
			buildConfigurations = (
				3763614E24229D0200AC83D9 /* Debug */,
				3763614F24229D0200AC83D9 /* Release */,
			);
			defaultConfigurationIsVisible = 0;
			defaultConfigurationName = Release;
		};
		3763615024229D0200AC83D9 /* Build configuration list for PBXNativeTarget "HomepwnerTests" */ = {
			isa = XCConfigurationList;
			buildConfigurations = (
				3763615124229D0200AC83D9 /* Debug */,
				3763615224229D0200AC83D9 /* Release */,
			);
			defaultConfigurationIsVisible = 0;
			defaultConfigurationName = Release;
		};
		3763615324229D0200AC83D9 /* Build configuration list for PBXNativeTarget "HomepwnerUITests" */ = {
			isa = XCConfigurationList;
			buildConfigurations = (
				3763615424229D0200AC83D9 /* Debug */,
				3763615524229D0200AC83D9 /* Release */,
			);
			defaultConfigurationIsVisible = 0;
			defaultConfigurationName = Release;
		};
/* End XCConfigurationList section */

/* Begin XCVersionGroup section */
		3763612C24229D0100AC83D9 /* Homepwner.xcdatamodeld */ = {
			isa = XCVersionGroup;
			children = (
				3763612D24229D0100AC83D9 /* Homepwner.xcdatamodel */,
			);
			currentVersion = 3763612D24229D0100AC83D9 /* Homepwner.xcdatamodel */;
			path = Homepwner.xcdatamodeld;
			sourceTree = "<group>";
			versionGroupType = wrapper.xcdatamodel;
		};
/* End XCVersionGroup section */
	};
	rootObject = 3763611824229D0000AC83D9 /* Project object */;
}
